// !$*UTF8*$!
{
	archiveVersion = 1;
	classes = {
	};
	objectVersion = 51;
	objects = {

/* Begin PBXBuildFile section */
		18D823FCF282DA949F1389C7 /* Pods_flixster.framework in Frameworks */ = {isa = PBXBuildFile; fileRef = 682BF53AE9FC8228702F8A28 /* Pods_flixster.framework */; };
		3C5E79207C76750F6D7E3C89 /* Pods_flixsterTests.framework in Frameworks */ = {isa = PBXBuildFile; fileRef = CFB847F032CF9FBB741347DF /* Pods_flixsterTests.framework */; };
		A2DDFB4107FBA134695BEC26 /* Pods_flixster_flixsterUITests.framework in Frameworks */ = {isa = PBXBuildFile; fileRef = 8057F1EB206FE3C7FC1427D7 /* Pods_flixster_flixsterUITests.framework */; };
		C34177352527D9350019084A /* MovieDetailsViewController.swift in Sources */ = {isa = PBXBuildFile; fileRef = C34177342527D9340019084A /* MovieDetailsViewController.swift */; };
		C38EAE4A251EB68300DFE51C /* AppDelegate.swift in Sources */ = {isa = PBXBuildFile; fileRef = C38EAE49251EB68300DFE51C /* AppDelegate.swift */; };
		C38EAE4C251EB68300DFE51C /* SceneDelegate.swift in Sources */ = {isa = PBXBuildFile; fileRef = C38EAE4B251EB68300DFE51C /* SceneDelegate.swift */; };
		C38EAE4E251EB68300DFE51C /* ViewController.swift in Sources */ = {isa = PBXBuildFile; fileRef = C38EAE4D251EB68300DFE51C /* ViewController.swift */; };
		C38EAE51251EB68300DFE51C /* Main.storyboard in Resources */ = {isa = PBXBuildFile; fileRef = C38EAE4F251EB68300DFE51C /* Main.storyboard */; };
		C38EAE53251EB68400DFE51C /* Assets.xcassets in Resources */ = {isa = PBXBuildFile; fileRef = C38EAE52251EB68400DFE51C /* Assets.xcassets */; };
		C38EAE56251EB68400DFE51C /* LaunchScreen.storyboard in Resources */ = {isa = PBXBuildFile; fileRef = C38EAE54251EB68400DFE51C /* LaunchScreen.storyboard */; };
		C38EAE61251EB68400DFE51C /* flixsterTests.swift in Sources */ = {isa = PBXBuildFile; fileRef = C38EAE60251EB68400DFE51C /* flixsterTests.swift */; };
		C38EAE6C251EB68400DFE51C /* flixsterUITests.swift in Sources */ = {isa = PBXBuildFile; fileRef = C38EAE6B251EB68400DFE51C /* flixsterUITests.swift */; };
		C38EAE7A251EB75E00DFE51C /* MoviesViewController.swift in Sources */ = {isa = PBXBuildFile; fileRef = C38EAE79251EB75E00DFE51C /* MoviesViewController.swift */; };
		C38EAE7C251EC6D400DFE51C /* MovieCell.swift in Sources */ = {isa = PBXBuildFile; fileRef = C38EAE7B251EC6D400DFE51C /* MovieCell.swift */; };
/* End PBXBuildFile section */

/* Begin PBXContainerItemProxy section */
		C38EAE5D251EB68400DFE51C /* PBXContainerItemProxy */ = {
			isa = PBXContainerItemProxy;
			containerPortal = C38EAE3E251EB68200DFE51C /* Project object */;
			proxyType = 1;
			remoteGlobalIDString = C38EAE45251EB68300DFE51C;
			remoteInfo = flixster;
		};
		C38EAE68251EB68400DFE51C /* PBXContainerItemProxy */ = {
			isa = PBXContainerItemProxy;
			containerPortal = C38EAE3E251EB68200DFE51C /* Project object */;
			proxyType = 1;
			remoteGlobalIDString = C38EAE45251EB68300DFE51C;
			remoteInfo = flixster;
		};
/* End PBXContainerItemProxy section */

/* Begin PBXFileReference section */
		50891A5872E1C01830CD343E /* Pods-flixster.debug.xcconfig */ = {isa = PBXFileReference; includeInIndex = 1; lastKnownFileType = text.xcconfig; name = "Pods-flixster.debug.xcconfig"; path = "Target Support Files/Pods-flixster/Pods-flixster.debug.xcconfig"; sourceTree = "<group>"; };
		5526B686469CD44E8F454B7B /* Pods-flixsterTests.debug.xcconfig */ = {isa = PBXFileReference; includeInIndex = 1; lastKnownFileType = text.xcconfig; name = "Pods-flixsterTests.debug.xcconfig"; path = "Target Support Files/Pods-flixsterTests/Pods-flixsterTests.debug.xcconfig"; sourceTree = "<group>"; };
		682BF53AE9FC8228702F8A28 /* Pods_flixster.framework */ = {isa = PBXFileReference; explicitFileType = wrapper.framework; includeInIndex = 0; path = Pods_flixster.framework; sourceTree = BUILT_PRODUCTS_DIR; };
		6B5F859A85CB81CD9FEE3D42 /* Pods-flixsterTests.release.xcconfig */ = {isa = PBXFileReference; includeInIndex = 1; lastKnownFileType = text.xcconfig; name = "Pods-flixsterTests.release.xcconfig"; path = "Target Support Files/Pods-flixsterTests/Pods-flixsterTests.release.xcconfig"; sourceTree = "<group>"; };
		72D9A8E6806964DEC1798468 /* Pods-flixster.release.xcconfig */ = {isa = PBXFileReference; includeInIndex = 1; lastKnownFileType = text.xcconfig; name = "Pods-flixster.release.xcconfig"; path = "Target Support Files/Pods-flixster/Pods-flixster.release.xcconfig"; sourceTree = "<group>"; };
		8057F1EB206FE3C7FC1427D7 /* Pods_flixster_flixsterUITests.framework */ = {isa = PBXFileReference; explicitFileType = wrapper.framework; includeInIndex = 0; path = Pods_flixster_flixsterUITests.framework; sourceTree = BUILT_PRODUCTS_DIR; };
		ACAA64816604872867AA6B14 /* Pods-flixster-flixsterUITests.release.xcconfig */ = {isa = PBXFileReference; includeInIndex = 1; lastKnownFileType = text.xcconfig; name = "Pods-flixster-flixsterUITests.release.xcconfig"; path = "Target Support Files/Pods-flixster-flixsterUITests/Pods-flixster-flixsterUITests.release.xcconfig"; sourceTree = "<group>"; };
		C34177342527D9340019084A /* MovieDetailsViewController.swift */ = {isa = PBXFileReference; lastKnownFileType = sourcecode.swift; path = MovieDetailsViewController.swift; sourceTree = "<group>"; };
		C38EAE46251EB68300DFE51C /* flixster.app */ = {isa = PBXFileReference; explicitFileType = wrapper.application; includeInIndex = 0; path = flixster.app; sourceTree = BUILT_PRODUCTS_DIR; };
		C38EAE49251EB68300DFE51C /* AppDelegate.swift */ = {isa = PBXFileReference; lastKnownFileType = sourcecode.swift; path = AppDelegate.swift; sourceTree = "<group>"; };
		C38EAE4B251EB68300DFE51C /* SceneDelegate.swift */ = {isa = PBXFileReference; lastKnownFileType = sourcecode.swift; path = SceneDelegate.swift; sourceTree = "<group>"; };
		C38EAE4D251EB68300DFE51C /* ViewController.swift */ = {isa = PBXFileReference; lastKnownFileType = sourcecode.swift; path = ViewController.swift; sourceTree = "<group>"; };
		C38EAE50251EB68300DFE51C /* Base */ = {isa = PBXFileReference; lastKnownFileType = file.storyboard; name = Base; path = Base.lproj/Main.storyboard; sourceTree = "<group>"; };
		C38EAE52251EB68400DFE51C /* Assets.xcassets */ = {isa = PBXFileReference; lastKnownFileType = folder.assetcatalog; path = Assets.xcassets; sourceTree = "<group>"; };
		C38EAE55251EB68400DFE51C /* Base */ = {isa = PBXFileReference; lastKnownFileType = file.storyboard; name = Base; path = Base.lproj/LaunchScreen.storyboard; sourceTree = "<group>"; };
		C38EAE57251EB68400DFE51C /* Info.plist */ = {isa = PBXFileReference; lastKnownFileType = text.plist.xml; path = Info.plist; sourceTree = "<group>"; };
		C38EAE5C251EB68400DFE51C /* flixsterTests.xctest */ = {isa = PBXFileReference; explicitFileType = wrapper.cfbundle; includeInIndex = 0; path = flixsterTests.xctest; sourceTree = BUILT_PRODUCTS_DIR; };
		C38EAE60251EB68400DFE51C /* flixsterTests.swift */ = {isa = PBXFileReference; lastKnownFileType = sourcecode.swift; path = flixsterTests.swift; sourceTree = "<group>"; };
		C38EAE62251EB68400DFE51C /* Info.plist */ = {isa = PBXFileReference; lastKnownFileType = text.plist.xml; path = Info.plist; sourceTree = "<group>"; };
		C38EAE67251EB68400DFE51C /* flixsterUITests.xctest */ = {isa = PBXFileReference; explicitFileType = wrapper.cfbundle; includeInIndex = 0; path = flixsterUITests.xctest; sourceTree = BUILT_PRODUCTS_DIR; };
		C38EAE6B251EB68400DFE51C /* flixsterUITests.swift */ = {isa = PBXFileReference; lastKnownFileType = sourcecode.swift; path = flixsterUITests.swift; sourceTree = "<group>"; };
		C38EAE6D251EB68400DFE51C /* Info.plist */ = {isa = PBXFileReference; lastKnownFileType = text.plist.xml; path = Info.plist; sourceTree = "<group>"; };
		C38EAE79251EB75E00DFE51C /* MoviesViewController.swift */ = {isa = PBXFileReference; lastKnownFileType = sourcecode.swift; path = MoviesViewController.swift; sourceTree = "<group>"; };
		C38EAE7B251EC6D400DFE51C /* MovieCell.swift */ = {isa = PBXFileReference; lastKnownFileType = sourcecode.swift; path = MovieCell.swift; sourceTree = "<group>"; };
		C5CB57D8C51BB0D9A029E701 /* Pods-flixster-flixsterUITests.debug.xcconfig */ = {isa = PBXFileReference; includeInIndex = 1; lastKnownFileType = text.xcconfig; name = "Pods-flixster-flixsterUITests.debug.xcconfig"; path = "Target Support Files/Pods-flixster-flixsterUITests/Pods-flixster-flixsterUITests.debug.xcconfig"; sourceTree = "<group>"; };
		CFB847F032CF9FBB741347DF /* Pods_flixsterTests.framework */ = {isa = PBXFileReference; explicitFileType = wrapper.framework; includeInIndex = 0; path = Pods_flixsterTests.framework; sourceTree = BUILT_PRODUCTS_DIR; };
/* End PBXFileReference section */

/* Begin PBXFrameworksBuildPhase section */
		C38EAE43251EB68300DFE51C /* Frameworks */ = {
			isa = PBXFrameworksBuildPhase;
			buildActionMask = 2147483647;
			files = (
				18D823FCF282DA949F1389C7 /* Pods_flixster.framework in Frameworks */,
			);
			runOnlyForDeploymentPostprocessing = 0;
		};
		C38EAE59251EB68400DFE51C /* Frameworks */ = {
			isa = PBXFrameworksBuildPhase;
			buildActionMask = 2147483647;
			files = (
				3C5E79207C76750F6D7E3C89 /* Pods_flixsterTests.framework in Frameworks */,
			);
			runOnlyForDeploymentPostprocessing = 0;
		};
		C38EAE64251EB68400DFE51C /* Frameworks */ = {
			isa = PBXFrameworksBuildPhase;
			buildActionMask = 2147483647;
			files = (
				A2DDFB4107FBA134695BEC26 /* Pods_flixster_flixsterUITests.framework in Frameworks */,
			);
			runOnlyForDeploymentPostprocessing = 0;
		};
/* End PBXFrameworksBuildPhase section */

/* Begin PBXGroup section */
		11224EE5E62AD237185529DE /* Frameworks */ = {
			isa = PBXGroup;
			children = (
				682BF53AE9FC8228702F8A28 /* Pods_flixster.framework */,
				8057F1EB206FE3C7FC1427D7 /* Pods_flixster_flixsterUITests.framework */,
				CFB847F032CF9FBB741347DF /* Pods_flixsterTests.framework */,
			);
			name = Frameworks;
			sourceTree = "<group>";
		};
		C38EAE3D251EB68200DFE51C = {
			isa = PBXGroup;
			children = (
				C38EAE48251EB68300DFE51C /* flixster */,
				C38EAE5F251EB68400DFE51C /* flixsterTests */,
				C38EAE6A251EB68400DFE51C /* flixsterUITests */,
				C38EAE47251EB68300DFE51C /* Products */,
				E63B0976E4781DCA8F0C5DCA /* Pods */,
				11224EE5E62AD237185529DE /* Frameworks */,
			);
			sourceTree = "<group>";
		};
		C38EAE47251EB68300DFE51C /* Products */ = {
			isa = PBXGroup;
			children = (
				C38EAE46251EB68300DFE51C /* flixster.app */,
				C38EAE5C251EB68400DFE51C /* flixsterTests.xctest */,
				C38EAE67251EB68400DFE51C /* flixsterUITests.xctest */,
			);
			name = Products;
			sourceTree = "<group>";
		};
		C38EAE48251EB68300DFE51C /* flixster */ = {
			isa = PBXGroup;
			children = (
				C38EAE49251EB68300DFE51C /* AppDelegate.swift */,
				C38EAE4B251EB68300DFE51C /* SceneDelegate.swift */,
				C38EAE4D251EB68300DFE51C /* ViewController.swift */,
				C38EAE4F251EB68300DFE51C /* Main.storyboard */,
				C34177342527D9340019084A /* MovieDetailsViewController.swift */,
				C38EAE7B251EC6D400DFE51C /* MovieCell.swift */,
				C38EAE79251EB75E00DFE51C /* MoviesViewController.swift */,
				C38EAE52251EB68400DFE51C /* Assets.xcassets */,
				C38EAE54251EB68400DFE51C /* LaunchScreen.storyboard */,
				C38EAE57251EB68400DFE51C /* Info.plist */,
			);
			path = flixster;
			sourceTree = "<group>";
		};
		C38EAE5F251EB68400DFE51C /* flixsterTests */ = {
			isa = PBXGroup;
			children = (
				C38EAE60251EB68400DFE51C /* flixsterTests.swift */,
				C38EAE62251EB68400DFE51C /* Info.plist */,
			);
			path = flixsterTests;
			sourceTree = "<group>";
		};
		C38EAE6A251EB68400DFE51C /* flixsterUITests */ = {
			isa = PBXGroup;
			children = (
				C38EAE6B251EB68400DFE51C /* flixsterUITests.swift */,
				C38EAE6D251EB68400DFE51C /* Info.plist */,
			);
			path = flixsterUITests;
			sourceTree = "<group>";
		};
		E63B0976E4781DCA8F0C5DCA /* Pods */ = {
			isa = PBXGroup;
			children = (
				50891A5872E1C01830CD343E /* Pods-flixster.debug.xcconfig */,
				72D9A8E6806964DEC1798468 /* Pods-flixster.release.xcconfig */,
				C5CB57D8C51BB0D9A029E701 /* Pods-flixster-flixsterUITests.debug.xcconfig */,
				ACAA64816604872867AA6B14 /* Pods-flixster-flixsterUITests.release.xcconfig */,
				5526B686469CD44E8F454B7B /* Pods-flixsterTests.debug.xcconfig */,
				6B5F859A85CB81CD9FEE3D42 /* Pods-flixsterTests.release.xcconfig */,
			);
			path = Pods;
			sourceTree = "<group>";
		};
/* End PBXGroup section */

/* Begin PBXNativeTarget section */
		C38EAE45251EB68300DFE51C /* flixster */ = {
			isa = PBXNativeTarget;
			buildConfigurationList = C38EAE70251EB68400DFE51C /* Build configuration list for PBXNativeTarget "flixster" */;
			buildPhases = (
				60A8973B226954C4D948B626 /* [CP] Check Pods Manifest.lock */,
				C38EAE42251EB68300DFE51C /* Sources */,
				C38EAE43251EB68300DFE51C /* Frameworks */,
				C38EAE44251EB68300DFE51C /* Resources */,
				AA5F9531BA73E17C000C74B9 /* [CP] Embed Pods Frameworks */,
			);
			buildRules = (
			);
			dependencies = (
			);
			name = flixster;
			productName = flixster;
			productReference = C38EAE46251EB68300DFE51C /* flixster.app */;
			productType = "com.apple.product-type.application";
		};
		C38EAE5B251EB68400DFE51C /* flixsterTests */ = {
			isa = PBXNativeTarget;
			buildConfigurationList = C38EAE73251EB68400DFE51C /* Build configuration list for PBXNativeTarget "flixsterTests" */;
			buildPhases = (
				F13DD9971D95DB1EDD284AEB /* [CP] Check Pods Manifest.lock */,
				C38EAE58251EB68400DFE51C /* Sources */,
				C38EAE59251EB68400DFE51C /* Frameworks */,
				C38EAE5A251EB68400DFE51C /* Resources */,
			);
			buildRules = (
			);
			dependencies = (
				C38EAE5E251EB68400DFE51C /* PBXTargetDependency */,
			);
			name = flixsterTests;
			productName = flixsterTests;
			productReference = C38EAE5C251EB68400DFE51C /* flixsterTests.xctest */;
			productType = "com.apple.product-type.bundle.unit-test";
		};
		C38EAE66251EB68400DFE51C /* flixsterUITests */ = {
			isa = PBXNativeTarget;
			buildConfigurationList = C38EAE76251EB68400DFE51C /* Build configuration list for PBXNativeTarget "flixsterUITests" */;
			buildPhases = (
				E278219863F56B9A0EFA08C3 /* [CP] Check Pods Manifest.lock */,
				C38EAE63251EB68400DFE51C /* Sources */,
				C38EAE64251EB68400DFE51C /* Frameworks */,
				C38EAE65251EB68400DFE51C /* Resources */,
				186FD025C53F1D538CB1A276 /* [CP] Embed Pods Frameworks */,
			);
			buildRules = (
			);
			dependencies = (
				C38EAE69251EB68400DFE51C /* PBXTargetDependency */,
			);
			name = flixsterUITests;
			productName = flixsterUITests;
			productReference = C38EAE67251EB68400DFE51C /* flixsterUITests.xctest */;
			productType = "com.apple.product-type.bundle.ui-testing";
		};
/* End PBXNativeTarget section */

/* Begin PBXProject section */
		C38EAE3E251EB68200DFE51C /* Project object */ = {
			isa = PBXProject;
			attributes = {
				LastSwiftUpdateCheck = 1150;
				LastUpgradeCheck = 1150;
				ORGANIZATIONNAME = Codepath;
				TargetAttributes = {
					C38EAE45251EB68300DFE51C = {
						CreatedOnToolsVersion = 11.5;
					};
					C38EAE5B251EB68400DFE51C = {
						CreatedOnToolsVersion = 11.5;
						TestTargetID = C38EAE45251EB68300DFE51C;
					};
					C38EAE66251EB68400DFE51C = {
						CreatedOnToolsVersion = 11.5;
						TestTargetID = C38EAE45251EB68300DFE51C;
					};
				};
			};
			buildConfigurationList = C38EAE41251EB68200DFE51C /* Build configuration list for PBXProject "flixster" */;
			compatibilityVersion = "Xcode 9.3";
			developmentRegion = en;
			hasScannedForEncodings = 0;
			knownRegions = (
				en,
				Base,
			);
			mainGroup = C38EAE3D251EB68200DFE51C;
			productRefGroup = C38EAE47251EB68300DFE51C /* Products */;
			projectDirPath = "";
			projectRoot = "";
			targets = (
				C38EAE45251EB68300DFE51C /* flixster */,
				C38EAE5B251EB68400DFE51C /* flixsterTests */,
				C38EAE66251EB68400DFE51C /* flixsterUITests */,
			);
		};
/* End PBXProject section */

/* Begin PBXResourcesBuildPhase section */
		C38EAE44251EB68300DFE51C /* Resources */ = {
			isa = PBXResourcesBuildPhase;
			buildActionMask = 2147483647;
			files = (
				C38EAE56251EB68400DFE51C /* LaunchScreen.storyboard in Resources */,
				C38EAE53251EB68400DFE51C /* Assets.xcassets in Resources */,
				C38EAE51251EB68300DFE51C /* Main.storyboard in Resources */,
			);
			runOnlyForDeploymentPostprocessing = 0;
		};
		C38EAE5A251EB68400DFE51C /* Resources */ = {
			isa = PBXResourcesBuildPhase;
			buildActionMask = 2147483647;
			files = (
			);
			runOnlyForDeploymentPostprocessing = 0;
		};
		C38EAE65251EB68400DFE51C /* Resources */ = {
			isa = PBXResourcesBuildPhase;
			buildActionMask = 2147483647;
			files = (
			);
			runOnlyForDeploymentPostprocessing = 0;
		};
/* End PBXResourcesBuildPhase section */

/* Begin PBXShellScriptBuildPhase section */
		186FD025C53F1D538CB1A276 /* [CP] Embed Pods Frameworks */ = {
			isa = PBXShellScriptBuildPhase;
			buildActionMask = 2147483647;
			files = (
			);
			inputFileListPaths = (
				"${PODS_ROOT}/Target Support Files/Pods-flixster-flixsterUITests/Pods-flixster-flixsterUITests-frameworks-${CONFIGURATION}-input-files.xcfilelist",
			);
			name = "[CP] Embed Pods Frameworks";
			outputFileListPaths = (
				"${PODS_ROOT}/Target Support Files/Pods-flixster-flixsterUITests/Pods-flixster-flixsterUITests-frameworks-${CONFIGURATION}-output-files.xcfilelist",
			);
			runOnlyForDeploymentPostprocessing = 0;
			shellPath = /bin/sh;
			shellScript = "\"${PODS_ROOT}/Target Support Files/Pods-flixster-flixsterUITests/Pods-flixster-flixsterUITests-frameworks.sh\"\n";
			showEnvVarsInLog = 0;
		};
		60A8973B226954C4D948B626 /* [CP] Check Pods Manifest.lock */ = {
			isa = PBXShellScriptBuildPhase;
			buildActionMask = 2147483647;
			files = (
			);
			inputFileListPaths = (
			);
			inputPaths = (
				"${PODS_PODFILE_DIR_PATH}/Podfile.lock",
				"${PODS_ROOT}/Manifest.lock",
			);
			name = "[CP] Check Pods Manifest.lock";
			outputFileListPaths = (
			);
			outputPaths = (
				"$(DERIVED_FILE_DIR)/Pods-flixster-checkManifestLockResult.txt",
			);
			runOnlyForDeploymentPostprocessing = 0;
			shellPath = /bin/sh;
			shellScript = "diff \"${PODS_PODFILE_DIR_PATH}/Podfile.lock\" \"${PODS_ROOT}/Manifest.lock\" > /dev/null\nif [ $? != 0 ] ; then\n    # print error to STDERR\n    echo \"error: The sandbox is not in sync with the Podfile.lock. Run 'pod install' or update your CocoaPods installation.\" >&2\n    exit 1\nfi\n# This output is used by Xcode 'outputs' to avoid re-running this script phase.\necho \"SUCCESS\" > \"${SCRIPT_OUTPUT_FILE_0}\"\n";
			showEnvVarsInLog = 0;
		};
		AA5F9531BA73E17C000C74B9 /* [CP] Embed Pods Frameworks */ = {
			isa = PBXShellScriptBuildPhase;
			buildActionMask = 2147483647;
			files = (
			);
			inputFileListPaths = (
				"${PODS_ROOT}/Target Support Files/Pods-flixster/Pods-flixster-frameworks-${CONFIGURATION}-input-files.xcfilelist",
			);
			name = "[CP] Embed Pods Frameworks";
			outputFileListPaths = (
				"${PODS_ROOT}/Target Support Files/Pods-flixster/Pods-flixster-frameworks-${CONFIGURATION}-output-files.xcfilelist",
			);
			runOnlyForDeploymentPostprocessing = 0;
			shellPath = /bin/sh;
			shellScript = "\"${PODS_ROOT}/Target Support Files/Pods-flixster/Pods-flixster-frameworks.sh\"\n";
			showEnvVarsInLog = 0;
		};
		E278219863F56B9A0EFA08C3 /* [CP] Check Pods Manifest.lock */ = {
			isa = PBXShellScriptBuildPhase;
			buildActionMask = 2147483647;
			files = (
			);
			inputFileListPaths = (
			);
			inputPaths = (
				"${PODS_PODFILE_DIR_PATH}/Podfile.lock",
				"${PODS_ROOT}/Manifest.lock",
			);
			name = "[CP] Check Pods Manifest.lock";
			outputFileListPaths = (
			);
			outputPaths = (
				"$(DERIVED_FILE_DIR)/Pods-flixster-flixsterUITests-checkManifestLockResult.txt",
			);
			runOnlyForDeploymentPostprocessing = 0;
			shellPath = /bin/sh;
			shellScript = "diff \"${PODS_PODFILE_DIR_PATH}/Podfile.lock\" \"${PODS_ROOT}/Manifest.lock\" > /dev/null\nif [ $? != 0 ] ; then\n    # print error to STDERR\n    echo \"error: The sandbox is not in sync with the Podfile.lock. Run 'pod install' or update your CocoaPods installation.\" >&2\n    exit 1\nfi\n# This output is used by Xcode 'outputs' to avoid re-running this script phase.\necho \"SUCCESS\" > \"${SCRIPT_OUTPUT_FILE_0}\"\n";
			showEnvVarsInLog = 0;
		};
		F13DD9971D95DB1EDD284AEB /* [CP] Check Pods Manifest.lock */ = {
			isa = PBXShellScriptBuildPhase;
			buildActionMask = 2147483647;
			files = (
			);
			inputFileListPaths = (
			);
			inputPaths = (
				"${PODS_PODFILE_DIR_PATH}/Podfile.lock",
				"${PODS_ROOT}/Manifest.lock",
			);
			name = "[CP] Check Pods Manifest.lock";
			outputFileListPaths = (
			);
			outputPaths = (
				"$(DERIVED_FILE_DIR)/Pods-flixsterTests-checkManifestLockResult.txt",
			);
			runOnlyForDeploymentPostprocessing = 0;
			shellPath = /bin/sh;
			shellScript = "diff \"${PODS_PODFILE_DIR_PATH}/Podfile.lock\" \"${PODS_ROOT}/Manifest.lock\" > /dev/null\nif [ $? != 0 ] ; then\n    # print error to STDERR\n    echo \"error: The sandbox is not in sync with the Podfile.lock. Run 'pod install' or update your CocoaPods installation.\" >&2\n    exit 1\nfi\n# This output is used by Xcode 'outputs' to avoid re-running this script phase.\necho \"SUCCESS\" > \"${SCRIPT_OUTPUT_FILE_0}\"\n";
			showEnvVarsInLog = 0;
		};
/* End PBXShellScriptBuildPhase section */

/* Begin PBXSourcesBuildPhase section */
		C38EAE42251EB68300DFE51C /* Sources */ = {
			isa = PBXSourcesBuildPhase;
			buildActionMask = 2147483647;
			files = (
				C38EAE4E251EB68300DFE51C /* ViewController.swift in Sources */,
				C38EAE4A251EB68300DFE51C /* AppDelegate.swift in Sources */,
				C34177352527D9350019084A /* MovieDetailsViewController.swift in Sources */,
				C38EAE4C251EB68300DFE51C /* SceneDelegate.swift in Sources */,
				C38EAE7C251EC6D400DFE51C /* MovieCell.swift in Sources */,
				C38EAE7A251EB75E00DFE51C /* MoviesViewController.swift in Sources */,
			);
			runOnlyForDeploymentPostprocessing = 0;
		};
		C38EAE58251EB68400DFE51C /* Sources */ = {
			isa = PBXSourcesBuildPhase;
			buildActionMask = 2147483647;
			files = (
				C38EAE61251EB68400DFE51C /* flixsterTests.swift in Sources */,
			);
			runOnlyForDeploymentPostprocessing = 0;
		};
		C38EAE63251EB68400DFE51C /* Sources */ = {
			isa = PBXSourcesBuildPhase;
			buildActionMask = 2147483647;
			files = (
				C38EAE6C251EB68400DFE51C /* flixsterUITests.swift in Sources */,
			);
			runOnlyForDeploymentPostprocessing = 0;
		};
/* End PBXSourcesBuildPhase section */

/* Begin PBXTargetDependency section */
		C38EAE5E251EB68400DFE51C /* PBXTargetDependency */ = {
			isa = PBXTargetDependency;
			target = C38EAE45251EB68300DFE51C /* flixster */;
			targetProxy = C38EAE5D251EB68400DFE51C /* PBXContainerItemProxy */;
		};
		C38EAE69251EB68400DFE51C /* PBXTargetDependency */ = {
			isa = PBXTargetDependency;
			target = C38EAE45251EB68300DFE51C /* flixster */;
			targetProxy = C38EAE68251EB68400DFE51C /* PBXContainerItemProxy */;
		};
/* End PBXTargetDependency section */

/* Begin PBXVariantGroup section */
		C38EAE4F251EB68300DFE51C /* Main.storyboard */ = {
			isa = PBXVariantGroup;
			children = (
				C38EAE50251EB68300DFE51C /* Base */,
			);
			name = Main.storyboard;
			sourceTree = "<group>";
		};
		C38EAE54251EB68400DFE51C /* LaunchScreen.storyboard */ = {
			isa = PBXVariantGroup;
			children = (
				C38EAE55251EB68400DFE51C /* Base */,
			);
			name = LaunchScreen.storyboard;
			sourceTree = "<group>";
		};
/* End PBXVariantGroup section */

/* Begin XCBuildConfiguration section */
		C38EAE6E251EB68400DFE51C /* Debug */ = {
			isa = XCBuildConfiguration;
			buildSettings = {
				ALWAYS_SEARCH_USER_PATHS = NO;
				CLANG_ANALYZER_NONNULL = YES;
				CLANG_ANALYZER_NUMBER_OBJECT_CONVERSION = YES_AGGRESSIVE;
				CLANG_CXX_LANGUAGE_STANDARD = "gnu++14";
				CLANG_CXX_LIBRARY = "libc++";
				CLANG_ENABLE_MODULES = YES;
				CLANG_ENABLE_OBJC_ARC = YES;
				CLANG_ENABLE_OBJC_WEAK = YES;
				CLANG_WARN_BLOCK_CAPTURE_AUTORELEASING = YES;
				CLANG_WARN_BOOL_CONVERSION = YES;
				CLANG_WARN_COMMA = YES;
				CLANG_WARN_CONSTANT_CONVERSION = YES;
				CLANG_WARN_DEPRECATED_OBJC_IMPLEMENTATIONS = YES;
				CLANG_WARN_DIRECT_OBJC_ISA_USAGE = YES_ERROR;
				CLANG_WARN_DOCUMENTATION_COMMENTS = YES;
				CLANG_WARN_EMPTY_BODY = YES;
				CLANG_WARN_ENUM_CONVERSION = YES;
				CLANG_WARN_INFINITE_RECURSION = YES;
				CLANG_WARN_INT_CONVERSION = YES;
				CLANG_WARN_NON_LITERAL_NULL_CONVERSION = YES;
				CLANG_WARN_OBJC_IMPLICIT_RETAIN_SELF = YES;
				CLANG_WARN_OBJC_LITERAL_CONVERSION = YES;
				CLANG_WARN_OBJC_ROOT_CLASS = YES_ERROR;
				CLANG_WARN_RANGE_LOOP_ANALYSIS = YES;
				CLANG_WARN_STRICT_PROTOTYPES = YES;
				CLANG_WARN_SUSPICIOUS_MOVE = YES;
				CLANG_WARN_UNGUARDED_AVAILABILITY = YES_AGGRESSIVE;
				CLANG_WARN_UNREACHABLE_CODE = YES;
				CLANG_WARN__DUPLICATE_METHOD_MATCH = YES;
				COPY_PHASE_STRIP = NO;
				DEBUG_INFORMATION_FORMAT = dwarf;
				ENABLE_STRICT_OBJC_MSGSEND = YES;
				ENABLE_TESTABILITY = YES;
				GCC_C_LANGUAGE_STANDARD = gnu11;
				GCC_DYNAMIC_NO_PIC = NO;
				GCC_NO_COMMON_BLOCKS = YES;
				GCC_OPTIMIZATION_LEVEL = 0;
				GCC_PREPROCESSOR_DEFINITIONS = (
					"DEBUG=1",
					"$(inherited)",
				);
				GCC_WARN_64_TO_32_BIT_CONVERSION = YES;
				GCC_WARN_ABOUT_RETURN_TYPE = YES_ERROR;
				GCC_WARN_UNDECLARED_SELECTOR = YES;
				GCC_WARN_UNINITIALIZED_AUTOS = YES_AGGRESSIVE;
				GCC_WARN_UNUSED_FUNCTION = YES;
				GCC_WARN_UNUSED_VARIABLE = YES;
				IPHONEOS_DEPLOYMENT_TARGET = 13.5;
				MTL_ENABLE_DEBUG_INFO = INCLUDE_SOURCE;
				MTL_FAST_MATH = YES;
				ONLY_ACTIVE_ARCH = YES;
				SDKROOT = iphoneos;
				SWIFT_ACTIVE_COMPILATION_CONDITIONS = DEBUG;
				SWIFT_OPTIMIZATION_LEVEL = "-Onone";
			};
			name = Debug;
		};
		C38EAE6F251EB68400DFE51C /* Release */ = {
			isa = XCBuildConfiguration;
			buildSettings = {
				ALWAYS_SEARCH_USER_PATHS = NO;
				CLANG_ANALYZER_NONNULL = YES;
				CLANG_ANALYZER_NUMBER_OBJECT_CONVERSION = YES_AGGRESSIVE;
				CLANG_CXX_LANGUAGE_STANDARD = "gnu++14";
				CLANG_CXX_LIBRARY = "libc++";
				CLANG_ENABLE_MODULES = YES;
				CLANG_ENABLE_OBJC_ARC = YES;
				CLANG_ENABLE_OBJC_WEAK = YES;
				CLANG_WARN_BLOCK_CAPTURE_AUTORELEASING = YES;
				CLANG_WARN_BOOL_CONVERSION = YES;
				CLANG_WARN_COMMA = YES;
				CLANG_WARN_CONSTANT_CONVERSION = YES;
				CLANG_WARN_DEPRECATED_OBJC_IMPLEMENTATIONS = YES;
				CLANG_WARN_DIRECT_OBJC_ISA_USAGE = YES_ERROR;
				CLANG_WARN_DOCUMENTATION_COMMENTS = YES;
				CLANG_WARN_EMPTY_BODY = YES;
				CLANG_WARN_ENUM_CONVERSION = YES;
				CLANG_WARN_INFINITE_RECURSION = YES;
				CLANG_WARN_INT_CONVERSION = YES;
				CLANG_WARN_NON_LITERAL_NULL_CONVERSION = YES;
				CLANG_WARN_OBJC_IMPLICIT_RETAIN_SELF = YES;
				CLANG_WARN_OBJC_LITERAL_CONVERSION = YES;
				CLANG_WARN_OBJC_ROOT_CLASS = YES_ERROR;
				CLANG_WARN_RANGE_LOOP_ANALYSIS = YES;
				CLANG_WARN_STRICT_PROTOTYPES = YES;
				CLANG_WARN_SUSPICIOUS_MOVE = YES;
				CLANG_WARN_UNGUARDED_AVAILABILITY = YES_AGGRESSIVE;
				CLANG_WARN_UNREACHABLE_CODE = YES;
				CLANG_WARN__DUPLICATE_METHOD_MATCH = YES;
				COPY_PHASE_STRIP = NO;
				DEBUG_INFORMATION_FORMAT = "dwarf-with-dsym";
				ENABLE_NS_ASSERTIONS = NO;
				ENABLE_STRICT_OBJC_MSGSEND = YES;
				GCC_C_LANGUAGE_STANDARD = gnu11;
				GCC_NO_COMMON_BLOCKS = YES;
				GCC_WARN_64_TO_32_BIT_CONVERSION = YES;
				GCC_WARN_ABOUT_RETURN_TYPE = YES_ERROR;
				GCC_WARN_UNDECLARED_SELECTOR = YES;
				GCC_WARN_UNINITIALIZED_AUTOS = YES_AGGRESSIVE;
				GCC_WARN_UNUSED_FUNCTION = YES;
				GCC_WARN_UNUSED_VARIABLE = YES;
				IPHONEOS_DEPLOYMENT_TARGET = 13.5;
				MTL_ENABLE_DEBUG_INFO = NO;
				MTL_FAST_MATH = YES;
				SDKROOT = iphoneos;
				SWIFT_COMPILATION_MODE = wholemodule;
				SWIFT_OPTIMIZATION_LEVEL = "-O";
				VALIDATE_PRODUCT = YES;
			};
			name = Release;
		};
		C38EAE71251EB68400DFE51C /* Debug */ = {
			isa = XCBuildConfiguration;
			baseConfigurationReference = 50891A5872E1C01830CD343E /* Pods-flixster.debug.xcconfig */;
			buildSettings = {
				ASSETCATALOG_COMPILER_APPICON_NAME = AppIcon;
				CODE_SIGN_STYLE = Automatic;
				INFOPLIST_FILE = flixster/Info.plist;
				LD_RUNPATH_SEARCH_PATHS = (
					"$(inherited)",
					"@executable_path/Frameworks",
				);
				PRODUCT_BUNDLE_IDENTIFIER = Codepath.flixster;
				PRODUCT_NAME = "$(TARGET_NAME)";
				SWIFT_VERSION = 5.0;
				TARGETED_DEVICE_FAMILY = "1,2";
			};
			name = Debug;
		};
		C38EAE72251EB68400DFE51C /* Release */ = {
			isa = XCBuildConfiguration;
			baseConfigurationReference = 72D9A8E6806964DEC1798468 /* Pods-flixster.release.xcconfig */;
			buildSettings = {
				ASSETCATALOG_COMPILER_APPICON_NAME = AppIcon;
				CODE_SIGN_STYLE = Automatic;
				INFOPLIST_FILE = flixster/Info.plist;
				LD_RUNPATH_SEARCH_PATHS = (
					"$(inherited)",
					"@executable_path/Frameworks",
				);
				PRODUCT_BUNDLE_IDENTIFIER = Codepath.flixster;
				PRODUCT_NAME = "$(TARGET_NAME)";
				SWIFT_VERSION = 5.0;
				TARGETED_DEVICE_FAMILY = "1,2";
			};
			name = Release;
		};
		C38EAE74251EB68400DFE51C /* Debug */ = {
			isa = XCBuildConfiguration;
			baseConfigurationReference = 5526B686469CD44E8F454B7B /* Pods-flixsterTests.debug.xcconfig */;
			buildSettings = {
				ALWAYS_EMBED_SWIFT_STANDARD_LIBRARIES = YES;
				BUNDLE_LOADER = "$(TEST_HOST)";
				CODE_SIGN_STYLE = Automatic;
				INFOPLIST_FILE = flixsterTests/Info.plist;
				IPHONEOS_DEPLOYMENT_TARGET = 13.5;
				LD_RUNPATH_SEARCH_PATHS = (
					"$(inherited)",
					"@executable_path/Frameworks",
					"@loader_path/Frameworks",
				);
				PRODUCT_BUNDLE_IDENTIFIER = Codepath.flixsterTests;
				PRODUCT_NAME = "$(TARGET_NAME)";
				SWIFT_VERSION = 5.0;
				TARGETED_DEVICE_FAMILY = "1,2";
				TEST_HOST = "$(BUILT_PRODUCTS_DIR)/flixster.app/flixster";
			};
			name = Debug;
		};
		C38EAE75251EB68400DFE51C /* Release */ = {
			isa = XCBuildConfiguration;
			baseConfigurationReference = 6B5F859A85CB81CD9FEE3D42 /* Pods-flixsterTests.release.xcconfig */;
			buildSettings = {
				ALWAYS_EMBED_SWIFT_STANDARD_LIBRARIES = YES;
				BUNDLE_LOADER = "$(TEST_HOST)";
				CODE_SIGN_STYLE = Automatic;
				INFOPLIST_FILE = flixsterTests/Info.plist;
				IPHONEOS_DEPLOYMENT_TARGET = 13.5;
				LD_RUNPATH_SEARCH_PATHS = (
					"$(inherited)",
					"@executable_path/Frameworks",
					"@loader_path/Frameworks",
				);
				PRODUCT_BUNDLE_IDENTIFIER = Codepath.flixsterTests;
				PRODUCT_NAME = "$(TARGET_NAME)";
				SWIFT_VERSION = 5.0;
				TARGETED_DEVICE_FAMILY = "1,2";
				TEST_HOST = "$(BUILT_PRODUCTS_DIR)/flixster.app/flixster";
			};
			name = Release;
		};
		C38EAE77251EB68400DFE51C /* Debug */ = {
			isa = XCBuildConfiguration;
			baseConfigurationReference = C5CB57D8C51BB0D9A029E701 /* Pods-flixster-flixsterUITests.debug.xcconfig */;
			buildSettings = {
				ALWAYS_EMBED_SWIFT_STANDARD_LIBRARIES = YES;
				CODE_SIGN_STYLE = Automatic;
				INFOPLIST_FILE = flixsterUITests/Info.plist;
				LD_RUNPATH_SEARCH_PATHS = (
					"$(inherited)",
					"@executable_path/Frameworks",
					"@loader_path/Frameworks",
				);
				PRODUCT_BUNDLE_IDENTIFIER = Codepath.flixsterUITests;
				PRODUCT_NAME = "$(TARGET_NAME)";
				SWIFT_VERSION = 5.0;
				TARGETED_DEVICE_FAMILY = "1,2";
				TEST_TARGET_NAME = flixster;
			};
			name = Debug;
		};
		C38EAE78251EB68400DFE51C /* Release */ = {
			isa = XCBuildConfiguration;
			baseConfigurationReference = ACAA64816604872867AA6B14 /* Pods-flixster-flixsterUITests.release.xcconfig */;
			buildSettings = {
				ALWAYS_EMBED_SWIFT_STANDARD_LIBRARIES = YES;
				CODE_SIGN_STYLE = Automatic;
				INFOPLIST_FILE = flixsterUITests/Info.plist;
				LD_RUNPATH_SEARCH_PATHS = (
					"$(inherited)",
					"@executable_path/Frameworks",
					"@loader_path/Frameworks",
				);
				PRODUCT_BUNDLE_IDENTIFIER = Codepath.flixsterUITests;
				PRODUCT_NAME = "$(TARGET_NAME)";
				SWIFT_VERSION = 5.0;
				TARGETED_DEVICE_FAMILY = "1,2";
				TEST_TARGET_NAME = flixster;
			};
			name = Release;
		};
/* End XCBuildConfiguration section */

/* Begin XCConfigurationList section */
		C38EAE41251EB68200DFE51C /* Build configuration list for PBXProject "flixster" */ = {
			isa = XCConfigurationList;
			buildConfigurations = (
				C38EAE6E251EB68400DFE51C /* Debug */,
				C38EAE6F251EB68400DFE51C /* Release */,
			);
			defaultConfigurationIsVisible = 0;
			defaultConfigurationName = Release;
		};
		C38EAE70251EB68400DFE51C /* Build configuration list for PBXNativeTarget "flixster" */ = {
			isa = XCConfigurationList;
			buildConfigurations = (
				C38EAE71251EB68400DFE51C /* Debug */,
				C38EAE72251EB68400DFE51C /* Release */,
			);
			defaultConfigurationIsVisible = 0;
			defaultConfigurationName = Release;
		};
		C38EAE73251EB68400DFE51C /* Build configuration list for PBXNativeTarget "flixsterTests" */ = {
			isa = XCConfigurationList;
			buildConfigurations = (
				C38EAE74251EB68400DFE51C /* Debug */,
				C38EAE75251EB68400DFE51C /* Release */,
			);
			defaultConfigurationIsVisible = 0;
			defaultConfigurationName = Release;
		};
		C38EAE76251EB68400DFE51C /* Build configuration list for PBXNativeTarget "flixsterUITests" */ = {
			isa = XCConfigurationList;
			buildConfigurations = (
				C38EAE77251EB68400DFE51C /* Debug */,
				C38EAE78251EB68400DFE51C /* Release */,
			);
			defaultConfigurationIsVisible = 0;
			defaultConfigurationName = Release;
		};
/* End XCConfigurationList section */
	};
	rootObject = C38EAE3E251EB68200DFE51C /* Project object */;
}
